// !$*UTF8*$!
{
	archiveVersion = 1;
	classes = {
	};
	objectVersion = 46;
	objects = {

/* Begin PBXBuildFile section */
		C955E8821B21A4420075B95E /* AppDelegate.swift in Sources */ = {isa = PBXBuildFile; fileRef = C955E8811B21A4420075B95E /* AppDelegate.swift */; };
		C955E8851B21A4430075B95E /* MakeDate.xcdatamodeld in Sources */ = {isa = PBXBuildFile; fileRef = C955E8831B21A4420075B95E /* MakeDate.xcdatamodeld */; };
		C955E8871B21A4430075B95E /* ViewController.swift in Sources */ = {isa = PBXBuildFile; fileRef = C955E8861B21A4430075B95E /* ViewController.swift */; };
		C955E88A1B21A4430075B95E /* Main.storyboard in Resources */ = {isa = PBXBuildFile; fileRef = C955E8881B21A4430075B95E /* Main.storyboard */; };
		C955E88C1B21A4430075B95E /* Images.xcassets in Resources */ = {isa = PBXBuildFile; fileRef = C955E88B1B21A4430075B95E /* Images.xcassets */; };
		C955E88F1B21A4430075B95E /* LaunchScreen.xib in Resources */ = {isa = PBXBuildFile; fileRef = C955E88D1B21A4430075B95E /* LaunchScreen.xib */; };
		C955E89B1B21A4430075B95E /* MakeDateTests.swift in Sources */ = {isa = PBXBuildFile; fileRef = C955E89A1B21A4430075B95E /* MakeDateTests.swift */; };
/* End PBXBuildFile section */

/* Begin PBXContainerItemProxy section */
		C955E8951B21A4430075B95E /* PBXContainerItemProxy */ = {
			isa = PBXContainerItemProxy;
			containerPortal = C955E8741B21A4420075B95E /* Project object */;
			proxyType = 1;
			remoteGlobalIDString = C955E87B1B21A4420075B95E;
			remoteInfo = MakeDate;
		};
/* End PBXContainerItemProxy section */

/* Begin PBXFileReference section */
		C955E87C1B21A4420075B95E /* MakeDate.app */ = {isa = PBXFileReference; explicitFileType = wrapper.application; includeInIndex = 0; path = MakeDate.app; sourceTree = BUILT_PRODUCTS_DIR; };
		C955E8801B21A4420075B95E /* Info.plist */ = {isa = PBXFileReference; lastKnownFileType = text.plist.xml; path = Info.plist; sourceTree = "<group>"; };
		C955E8811B21A4420075B95E /* AppDelegate.swift */ = {isa = PBXFileReference; lastKnownFileType = sourcecode.swift; path = AppDelegate.swift; sourceTree = "<group>"; };
		C955E8841B21A4420075B95E /* MakeDate.xcdatamodel */ = {isa = PBXFileReference; lastKnownFileType = wrapper.xcdatamodel; path = MakeDate.xcdatamodel; sourceTree = "<group>"; };
		C955E8861B21A4430075B95E /* ViewController.swift */ = {isa = PBXFileReference; lastKnownFileType = sourcecode.swift; path = ViewController.swift; sourceTree = "<group>"; };
		C955E8891B21A4430075B95E /* Base */ = {isa = PBXFileReference; lastKnownFileType = file.storyboard; name = Base; path = Base.lproj/Main.storyboard; sourceTree = "<group>"; };
		C955E88B1B21A4430075B95E /* Images.xcassets */ = {isa = PBXFileReference; lastKnownFileType = folder.assetcatalog; path = Images.xcassets; sourceTree = "<group>"; };
		C955E88E1B21A4430075B95E /* Base */ = {isa = PBXFileReference; lastKnownFileType = file.xib; name = Base; path = Base.lproj/LaunchScreen.xib; sourceTree = "<group>"; };
		C955E8941B21A4430075B95E /* MakeDateTests.xctest */ = {isa = PBXFileReference; explicitFileType = wrapper.cfbundle; includeInIndex = 0; path = MakeDateTests.xctest; sourceTree = BUILT_PRODUCTS_DIR; };
		C955E8991B21A4430075B95E /* Info.plist */ = {isa = PBXFileReference; lastKnownFileType = text.plist.xml; path = Info.plist; sourceTree = "<group>"; };
		C955E89A1B21A4430075B95E /* MakeDateTests.swift */ = {isa = PBXFileReference; lastKnownFileType = sourcecode.swift; path = MakeDateTests.swift; sourceTree = "<group>"; };
/* End PBXFileReference section */

/* Begin PBXFrameworksBuildPhase section */
		C955E8791B21A4420075B95E /* Frameworks */ = {
			isa = PBXFrameworksBuildPhase;
			buildActionMask = 2147483647;
			files = (
			);
			runOnlyForDeploymentPostprocessing = 0;
		};
		C955E8911B21A4430075B95E /* Frameworks */ = {
			isa = PBXFrameworksBuildPhase;
			buildActionMask = 2147483647;
			files = (
			);
			runOnlyForDeploymentPostprocessing = 0;
		};
/* End PBXFrameworksBuildPhase section */

/* Begin PBXGroup section */
		C955E8731B21A4420075B95E = {
			isa = PBXGroup;
			children = (
				C955E87E1B21A4420075B95E /* MakeDate */,
				C955E8971B21A4430075B95E /* MakeDateTests */,
				C955E87D1B21A4420075B95E /* Products */,
			);
			sourceTree = "<group>";
		};
		C955E87D1B21A4420075B95E /* Products */ = {
			isa = PBXGroup;
			children = (
				C955E87C1B21A4420075B95E /* MakeDate.app */,
				C955E8941B21A4430075B95E /* MakeDateTests.xctest */,
			);
			name = Products;
			sourceTree = "<group>";
		};
		C955E87E1B21A4420075B95E /* MakeDate */ = {
			isa = PBXGroup;
			children = (
				C955E8811B21A4420075B95E /* AppDelegate.swift */,
				C955E8861B21A4430075B95E /* ViewController.swift */,
				C955E8881B21A4430075B95E /* Main.storyboard */,
				C955E88B1B21A4430075B95E /* Images.xcassets */,
				C955E88D1B21A4430075B95E /* LaunchScreen.xib */,
				C955E8831B21A4420075B95E /* MakeDate.xcdatamodeld */,
				C955E87F1B21A4420075B95E /* Supporting Files */,
			);
			path = MakeDate;
			sourceTree = "<group>";
		};
		C955E87F1B21A4420075B95E /* Supporting Files */ = {
			isa = PBXGroup;
			children = (
				C955E8801B21A4420075B95E /* Info.plist */,
			);
			name = "Supporting Files";
			sourceTree = "<group>";
		};
		C955E8971B21A4430075B95E /* MakeDateTests */ = {
			isa = PBXGroup;
			children = (
				C955E89A1B21A4430075B95E /* MakeDateTests.swift */,
				C955E8981B21A4430075B95E /* Supporting Files */,
			);
			path = MakeDateTests;
			sourceTree = "<group>";
		};
		C955E8981B21A4430075B95E /* Supporting Files */ = {
			isa = PBXGroup;
			children = (
				C955E8991B21A4430075B95E /* Info.plist */,
			);
			name = "Supporting Files";
			sourceTree = "<group>";
		};
/* End PBXGroup section */

/* Begin PBXNativeTarget section */
		C955E87B1B21A4420075B95E /* MakeDate */ = {
			isa = PBXNativeTarget;
			buildConfigurationList = C955E89E1B21A4430075B95E /* Build configuration list for PBXNativeTarget "MakeDate" */;
			buildPhases = (
				C955E8781B21A4420075B95E /* Sources */,
				C955E8791B21A4420075B95E /* Frameworks */,
				C955E87A1B21A4420075B95E /* Resources */,
			);
			buildRules = (
			);
			dependencies = (
			);
			name = MakeDate;
			productName = MakeDate;
			productReference = C955E87C1B21A4420075B95E /* MakeDate.app */;
			productType = "com.apple.product-type.application";
		};
		C955E8931B21A4430075B95E /* MakeDateTests */ = {
			isa = PBXNativeTarget;
			buildConfigurationList = C955E8A11B21A4430075B95E /* Build configuration list for PBXNativeTarget "MakeDateTests" */;
			buildPhases = (
				C955E8901B21A4430075B95E /* Sources */,
				C955E8911B21A4430075B95E /* Frameworks */,
				C955E8921B21A4430075B95E /* Resources */,
			);
			buildRules = (
			);
			dependencies = (
				C955E8961B21A4430075B95E /* PBXTargetDependency */,
			);
			name = MakeDateTests;
			productName = MakeDateTests;
			productReference = C955E8941B21A4430075B95E /* MakeDateTests.xctest */;
			productType = "com.apple.product-type.bundle.unit-test";
		};
/* End PBXNativeTarget section */

/* Begin PBXProject section */
		C955E8741B21A4420075B95E /* Project object */ = {
			isa = PBXProject;
			attributes = {
				LastUpgradeCheck = 0630;
				ORGANIZATIONNAME = BitterMelonTech;
				TargetAttributes = {
					C955E87B1B21A4420075B95E = {
						CreatedOnToolsVersion = 6.3.2;
					};
					C955E8931B21A4430075B95E = {
						CreatedOnToolsVersion = 6.3.2;
						TestTargetID = C955E87B1B21A4420075B95E;
					};
				};
			};
			buildConfigurationList = C955E8771B21A4420075B95E /* Build configuration list for PBXProject "MakeDate" */;
			compatibilityVersion = "Xcode 3.2";
			developmentRegion = English;
			hasScannedForEncodings = 0;
			knownRegions = (
				en,
				Base,
			);
			mainGroup = C955E8731B21A4420075B95E;
			productRefGroup = C955E87D1B21A4420075B95E /* Products */;
			projectDirPath = "";
			projectRoot = "";
			targets = (
				C955E87B1B21A4420075B95E /* MakeDate */,
				C955E8931B21A4430075B95E /* MakeDateTests */,
			);
		};
/* End PBXProject section */

/* Begin PBXResourcesBuildPhase section */
		C955E87A1B21A4420075B95E /* Resources */ = {
			isa = PBXResourcesBuildPhase;
			buildActionMask = 2147483647;
			files = (
				C955E88A1B21A4430075B95E /* Main.storyboard in Resources */,
				C955E88F1B21A4430075B95E /* LaunchScreen.xib in Resources */,
				C955E88C1B21A4430075B95E /* Images.xcassets in Resources */,
			);
			runOnlyForDeploymentPostprocessing = 0;
		};
		C955E8921B21A4430075B95E /* Resources */ = {
			isa = PBXResourcesBuildPhase;
			buildActionMask = 2147483647;
			files = (
			);
			runOnlyForDeploymentPostprocessing = 0;
		};
/* End PBXResourcesBuildPhase section */

/* Begin PBXSourcesBuildPhase section */
		C955E8781B21A4420075B95E /* Sources */ = {
			isa = PBXSourcesBuildPhase;
			buildActionMask = 2147483647;
			files = (
				C955E8871B21A4430075B95E /* ViewController.swift in Sources */,
				C955E8821B21A4420075B95E /* AppDelegate.swift in Sources */,
				C955E8851B21A4430075B95E /* MakeDate.xcdatamodeld in Sources */,
			);
			runOnlyForDeploymentPostprocessing = 0;
		};
		C955E8901B21A4430075B95E /* Sources */ = {
			isa = PBXSourcesBuildPhase;
			buildActionMask = 2147483647;
			files = (
				C955E89B1B21A4430075B95E /* MakeDateTests.swift in Sources */,
			);
			runOnlyForDeploymentPostprocessing = 0;
		};
/* End PBXSourcesBuildPhase section */

/* Begin PBXTargetDependency section */
		C955E8961B21A4430075B95E /* PBXTargetDependency */ = {
			isa = PBXTargetDependency;
			target = C955E87B1B21A4420075B95E /* MakeDate */;
			targetProxy = C955E8951B21A4430075B95E /* PBXContainerItemProxy */;
		};
/* End PBXTargetDependency section */

/* Begin PBXVariantGroup section */
		C955E8881B21A4430075B95E /* Main.storyboard */ = {
			isa = PBXVariantGroup;
			children = (
				C955E8891B21A4430075B95E /* Base */,
			);
			name = Main.storyboard;
			sourceTree = "<group>";
		};
		C955E88D1B21A4430075B95E /* LaunchScreen.xib */ = {
			isa = PBXVariantGroup;
			children = (
				C955E88E1B21A4430075B95E /* Base */,
			);
			name = LaunchScreen.xib;
			sourceTree = "<group>";
		};
/* End PBXVariantGroup section */

/* Begin XCBuildConfiguration section */
		C955E89C1B21A4430075B95E /* Debug */ = {
			isa = XCBuildConfiguration;
			buildSettings = {
				ALWAYS_SEARCH_USER_PATHS = NO;
				CLANG_CXX_LANGUAGE_STANDARD = "gnu++0x";
				CLANG_CXX_LIBRARY = "libc++";
				CLANG_ENABLE_MODULES = YES;
				CLANG_ENABLE_OBJC_ARC = YES;
				CLANG_WARN_BOOL_CONVERSION = YES;
				CLANG_WARN_CONSTANT_CONVERSION = YES;
				CLANG_WARN_DIRECT_OBJC_ISA_USAGE = YES_ERROR;
				CLANG_WARN_EMPTY_BODY = YES;
				CLANG_WARN_ENUM_CONVERSION = YES;
				CLANG_WARN_INT_CONVERSION = YES;
				CLANG_WARN_OBJC_ROOT_CLASS = YES_ERROR;
				CLANG_WARN_UNREACHABLE_CODE = YES;
				CLANG_WARN__DUPLICATE_METHOD_MATCH = YES;
				"CODE_SIGN_IDENTITY[sdk=iphoneos*]" = "iPhone Developer";
				COPY_PHASE_STRIP = NO;
				DEBUG_INFORMATION_FORMAT = "dwarf-with-dsym";
				ENABLE_STRICT_OBJC_MSGSEND = YES;
				GCC_C_LANGUAGE_STANDARD = gnu99;
				GCC_DYNAMIC_NO_PIC = NO;
				GCC_NO_COMMON_BLOCKS = YES;
				GCC_OPTIMIZATION_LEVEL = 0;
				GCC_PREPROCESSOR_DEFINITIONS = (
					"DEBUG=1",
					"$(inherited)",
				);
				GCC_SYMBOLS_PRIVATE_EXTERN = NO;
				GCC_WARN_64_TO_32_BIT_CONVERSION = YES;
				GCC_WARN_ABOUT_RETURN_TYPE = YES_ERROR;
				GCC_WARN_UNDECLARED_SELECTOR = YES;
				GCC_WARN_UNINITIALIZED_AUTOS = YES_AGGRESSIVE;
				GCC_WARN_UNUSED_FUNCTION = YES;
				GCC_WARN_UNUSED_VARIABLE = YES;
				IPHONEOS_DEPLOYMENT_TARGET = 8.3;
				MTL_ENABLE_DEBUG_INFO = YES;
				ONLY_ACTIVE_ARCH = YES;
				SDKROOT = iphoneos;
				SWIFT_OPTIMIZATION_LEVEL = "-Onone";
				TARGETED_DEVICE_FAMILY = "1,2";
			};
			name = Debug;
		};
		C955E89D1B21A4430075B95E /* Release */ = {
			isa = XCBuildConfiguration;
			buildSettings = {
				ALWAYS_SEARCH_USER_PATHS = NO;
				CLANG_CXX_LANGUAGE_STANDARD = "gnu++0x";
				CLANG_CXX_LIBRARY = "libc++";
				CLANG_ENABLE_MODULES = YES;
				CLANG_ENABLE_OBJC_ARC = YES;
				CLANG_WARN_BOOL_CONVERSION = YES;
				CLANG_WARN_CONSTANT_CONVERSION = YES;
				CLANG_WARN_DIRECT_OBJC_ISA_USAGE = YES_ERROR;
				CLANG_WARN_EMPTY_BODY = YES;
				CLANG_WARN_ENUM_CONVERSION = YES;
				CLANG_WARN_INT_CONVERSION = YES;
				CLANG_WARN_OBJC_ROOT_CLASS = YES_ERROR;
				CLANG_WARN_UNREACHABLE_CODE = YES;
				CLANG_WARN__DUPLICATE_METHOD_MATCH = YES;
				"CODE_SIGN_IDENTITY[sdk=iphoneos*]" = "iPhone Developer";
				COPY_PHASE_STRIP = NO;
				DEBUG_INFORMATION_FORMAT = "dwarf-with-dsym";
				ENABLE_NS_ASSERTIONS = NO;
				ENABLE_STRICT_OBJC_MSGSEND = YES;
				GCC_C_LANGUAGE_STANDARD = gnu99;
				GCC_NO_COMMON_BLOCKS = YES;
				GCC_WARN_64_TO_32_BIT_CONVERSION = YES;
				GCC_WARN_ABOUT_RETURN_TYPE = YES_ERROR;
				GCC_WARN_UNDECLARED_SELECTOR = YES;
				GCC_WARN_UNINITIALIZED_AUTOS = YES_AGGRESSIVE;
				GCC_WARN_UNUSED_FUNCTION = YES;
				GCC_WARN_UNUSED_VARIABLE = YES;
				IPHONEOS_DEPLOYMENT_TARGET = 8.3;
				MTL_ENABLE_DEBUG_INFO = NO;
				SDKROOT = iphoneos;
				TARGETED_DEVICE_FAMILY = "1,2";
				VALIDATE_PRODUCT = YES;
			};
			name = Release;
		};
		C955E89F1B21A4430075B95E /* Debug */ = {
			isa = XCBuildConfiguration;
			buildSettings = {
				ASSETCATALOG_COMPILER_APPICON_NAME = AppIcon;
				INFOPLIST_FILE = MakeDate/Info.plist;
				LD_RUNPATH_SEARCH_PATHS = "$(inherited) @executable_path/Frameworks";
				PRODUCT_NAME = "$(TARGET_NAME)";
			};
			name = Debug;
		};
		C955E8A01B21A4430075B95E /* Release */ = {
			isa = XCBuildConfiguration;
			buildSettings = {
				ASSETCATALOG_COMPILER_APPICON_NAME = AppIcon;
				INFOPLIST_FILE = MakeDate/Info.plist;
				LD_RUNPATH_SEARCH_PATHS = "$(inherited) @executable_path/Frameworks";
				PRODUCT_NAME = "$(TARGET_NAME)";
			};
			name = Release;
		};
		C955E8A21B21A4430075B95E /* Debug */ = {
			isa = XCBuildConfiguration;
			buildSettings = {
				BUNDLE_LOADER = "$(TEST_HOST)";
				FRAMEWORK_SEARCH_PATHS = (
					"$(SDKROOT)/Developer/Library/Frameworks",
					"$(inherited)",
				);
				GCC_PREPROCESSOR_DEFINITIONS = (
					"DEBUG=1",
					"$(inherited)",
				);
				INFOPLIST_FILE = MakeDateTests/Info.plist;
				LD_RUNPATH_SEARCH_PATHS = "$(inherited) @executable_path/Frameworks @loader_path/Frameworks";
				PRODUCT_NAME = "$(TARGET_NAME)";
				TEST_HOST = "$(BUILT_PRODUCTS_DIR)/MakeDate.app/MakeDate";
			};
			name = Debug;
		};
		C955E8A31B21A4430075B95E /* Release */ = {
			isa = XCBuildConfiguration;
			buildSettings = {
				BUNDLE_LOADER = "$(TEST_HOST)";
				FRAMEWORK_SEARCH_PATHS = (
					"$(SDKROOT)/Developer/Library/Frameworks",
					"$(inherited)",
				);
				INFOPLIST_FILE = MakeDateTests/Info.plist;
				LD_RUNPATH_SEARCH_PATHS = "$(inherited) @executable_path/Frameworks @loader_path/Frameworks";
				PRODUCT_NAME = "$(TARGET_NAME)";
				TEST_HOST = "$(BUILT_PRODUCTS_DIR)/MakeDate.app/MakeDate";
			};
			name = Release;
		};
/* End XCBuildConfiguration section */

/* Begin XCConfigurationList section */
		C955E8771B21A4420075B95E /* Build configuration list for PBXProject "MakeDate" */ = {
			isa = XCConfigurationList;
			buildConfigurations = (
				C955E89C1B21A4430075B95E /* Debug */,
				C955E89D1B21A4430075B95E /* Release */,
			);
			defaultConfigurationIsVisible = 0;
			defaultConfigurationName = Release;
		};
		C955E89E1B21A4430075B95E /* Build configuration list for PBXNativeTarget "MakeDate" */ = {
			isa = XCConfigurationList;
			buildConfigurations = (
				C955E89F1B21A4430075B95E /* Debug */,
				C955E8A01B21A4430075B95E /* Release */,
			);
			defaultConfigurationIsVisible = 0;
		};
		C955E8A11B21A4430075B95E /* Build configuration list for PBXNativeTarget "MakeDateTests" */ = {
			isa = XCConfigurationList;
			buildConfigurations = (
				C955E8A21B21A4430075B95E /* Debug */,
				C955E8A31B21A4430075B95E /* Release */,
			);
			defaultConfigurationIsVisible = 0;
		};
/* End XCConfigurationList section */

/* Begin XCVersionGroup section */
		C955E8831B21A4420075B95E /* MakeDate.xcdatamodeld */ = {
			isa = XCVersionGroup;
			children = (
				C955E8841B21A4420075B95E /* MakeDate.xcdatamodel */,
			);
			currentVersion = C955E8841B21A4420075B95E /* MakeDate.xcdatamodel */;
			path = MakeDate.xcdatamodeld;
			sourceTree = "<group>";
			versionGroupType = wrapper.xcdatamodel;
		};
/* End XCVersionGroup section */
	};
	rootObject = C955E8741B21A4420075B95E /* Project object */;
}
